
Microsoft Visual Studio Solution File, Format Version 12.00
# Visual Studio Version 17
VisualStudioVersion = 17.13.35818.85 d17.13
MinimumVisualStudioVersion = 10.0.40219.1
Project("{FAE04EC0-301F-11D3-BF4B-00C04F79EFBC}") = "GameFramework", "GameFramework\GameFramework.csproj", "{C564CB1E-82FA-4ABB-9DC7-5831488A9FDB}"
EndProject
Global
	GlobalSection(SolutionConfigurationPlatforms) = preSolution
		Debug|Any CPU = Debug|Any CPU
		Release|Any CPU = Release|Any CPU
	EndGlobalSection
	GlobalSection(ProjectConfigurationPlatforms) = postSolution
		{C564CB1E-82FA-4ABB-9DC7-5831488A9FDB}.Debug|Any CPU.ActiveCfg = Debug|Any CPU
		{C564CB1E-82FA-4ABB-9DC7-5831488A9FDB}.Debug|Any CPU.Build.0 = Debug|Any CPU
		{C564CB1E-82FA-4ABB-9DC7-5831488A9FDB}.Release|Any CPU.ActiveCfg = Release|Any CPU
		{C564CB1E-82FA-4ABB-9DC7-5831488A9FDB}.Release|Any CPU.Build.0 = Release|Any CPU
	EndGlobalSection
	GlobalSection(SolutionProperties) = preSolution
		HideSolutionNode = FALSE
	EndGlobalSection
	GlobalSection(ExtensibilityGlobals) = postSolution
		SolutionGuid = {6CAC9262-E49E-440B-B649-0E705CE9AA81}
	EndGlobalSection
EndGlobal
